Microsoft Visual Studio Solution File, Format Version 11.00
# Visual Studio 2010
Project("{FAE04EC0-301F-11D3-BF4B-00C04F79EFBC}") = "Grid_DateOccurring", "Grid_DateOccurring\Grid_DateOccurring.csproj", "{10FCEFAA-7B80-4C3A-99FC-2260B97B47A4}"
EndProject
Global
	GlobalSection(SolutionConfigurationPlatforms) = preSolution
		Debug|Any CPU = Debug|Any CPU
		Release|Any CPU = Release|Any CPU
	EndGlobalSection
	GlobalSection(ProjectConfigurationPlatforms) = postSolution
		{10FCEFAA-7B80-4C3A-99FC-2260B97B47A4}.Debug|Any CPU.ActiveCfg = Debug|Any CPU
		{10FCEFAA-7B80-4C3A-99FC-2260B97B47A4}.Debug|Any CPU.Build.0 = Debug|Any CPU
		{10FCEFAA-7B80-4C3A-99FC-2260B97B47A4}.Release|Any CPU.ActiveCfg = Release|Any CPU
		{10FCEFAA-7B80-4C3A-99FC-2260B97B47A4}.Release|Any CPU.Build.0 = Release|Any CPU
	EndGlobalSection
	GlobalSection(SolutionProperties) = preSolution
		HideSolutionNode = FALSE
	EndGlobalSection
EndGlobal
